# This file was autogenerated by Stack.
# You should not edit this file by hand.
# For more information, please see the documentation at:
#   https://docs.haskellstack.org/en/stable/lock_files

packages:
- completed:
    hackage: cairo-0.13.8.2@sha256:ef1709c3c4d2c6d68a9a51d9f220dccc0745f6468d2d0868c15a7ecdf8f325a1,4078
    pantry-tree:
      sha256: d6a9b3a15bc2e7b53fda331279cfdbc299fbf0c4be2ee8c1b6b79b924b6fdeb4
      size: 2830
  original:
    hackage: cairo-0.13.8.2
- completed:
    hackage: diagrams-cairo-1.4.2@sha256:20446df9418b41a97a6458ed31ece86eecbf226901898cd6f8f8dba9f55ac142,3810
    pantry-tree:
      sha256: f4bd8a1324bac96d27681ddd6675a5d272e9282a60bd51a9ec3bcf2a2aa85dda
      size: 721
  original:
    hackage: diagrams-cairo-1.4.2
- completed:
    hackage: diagrams-postscript-1.5.1@sha256:ef80dca9931d5e4086a80085fcffada2432399d8bf3b9704f8bdca8b0614c670,2395
    pantry-tree:
      sha256: 6d80b88e3e092509431afde33026db7f3cc85e24e105613735dfd06d273e0c53
      size: 480
  original:
    hackage: diagrams-postscript-1.5.1
- completed:
    hackage: gtk-0.15.7@sha256:b67010152d10ad29feb968936520ffc5c791f9d00e232a3fc8cac7a259433a75,16582
    pantry-tree:
      sha256: b33a6a5cf39f62047444eefc7e7d770bdddf7123dfe17180bccfbadb04b6a632
      size: 21349
  original:
    hackage: gtk-0.15.7
- completed:
    hackage: gtk3-0.15.7@sha256:d2c599bbed3b7965956db564c5e2bccf4b42b7123628b663901da7da5c90c421,19495
    pantry-tree:
      sha256: a37d3576d0624fa58ff4522e8544a18fc2903d8fc448fd229513edb0681ada4b
      size: 21251
  original:
    hackage: gtk3-0.15.7
- completed:
    hackage: gio-0.13.8.2@sha256:95a9cc25976992aea0c4d0482b4f98ef165eca9ec2ccd553e2ce646bb0d8c66d,3136
    pantry-tree:
      sha256: b1733df766fe4f04f052aa4d08d4fed2e506dc0fd1d5357d9020c4256cbd9ac7
      size: 2036
  original:
    hackage: gio-0.13.8.2
- completed:
    hackage: glib-0.13.8.2@sha256:f44b829e741b3c3244d523f60b058701dfc067ff64c2ba61d43be4cccfc2663d,3156
    pantry-tree:
      sha256: 2442a22152231a94e2f1ecfe7ddc0f4e5fb2d5ae116b371508a448bd3312ef06
      size: 1625
  original:
    hackage: glib-0.13.8.2
- completed:
    hackage: pango-0.13.8.2@sha256:d4057ebddade4cde3e25d7755b5e030e7a7e56fe7365afd37916a7bba46d3fd9,3917
    pantry-tree:
      sha256: 10c335853e1d43e0b7426b33e8ddbdb90b3e318ebec4d58f0726a2f4cfb2e1c9
      size: 1506
  original:
    hackage: pango-0.13.8.2
- completed:
    hackage: statestack-0.3.1@sha256:88d630aa2556ca699f6c96625e81973cf0e6ea6384e3c7f9c59f69fd8f4e7daf,1098
    pantry-tree:
      sha256: c97938704103fe9371b9f629cbfac9442687685524755926cec1bc44059de9d4
      size: 273
  original:
    hackage: statestack-0.3.1
snapshots:
- completed:
    sha256: 1ecad1f0bd2c27de88dbff6572446cfdf647c615d58a7e2e2085c6b7dfc04176
    size: 619403
    url: https://raw.githubusercontent.com/commercialhaskell/stackage-snapshots/master/lts/19/25.yaml
  original: lts-19.25
